
Microsoft Visual Studio Solution File, Format Version 12.00
# Visual Studio Version 17
VisualStudioVersion = 17.9.34723.18
MinimumVisualStudioVersion = 10.0.40219.1
Project("{FAE04EC0-301F-11D3-BF4B-00C04F79EFBC}") = "DoAnTotNghiep", "DoAnTotNghiep.csproj", "{60216A92-FD19-4723-A0B2-AD0A6B812087}"
EndProject
Global
	GlobalSection(SolutionConfigurationPlatforms) = preSolution
		Debug|Any CPU = Debug|Any CPU
		Release|Any CPU = Release|Any CPU
	EndGlobalSection
	GlobalSection(ProjectConfigurationPlatforms) = postSolution
		{60216A92-FD19-4723-A0B2-AD0A6B812087}.Debug|Any CPU.ActiveCfg = Debug|Any CPU
		{60216A92-FD19-4723-A0B2-AD0A6B812087}.Debug|Any CPU.Build.0 = Debug|Any CPU
		{60216A92-FD19-4723-A0B2-AD0A6B812087}.Release|Any CPU.ActiveCfg = Release|Any CPU
		{60216A92-FD19-4723-A0B2-AD0A6B812087}.Release|Any CPU.Build.0 = Release|Any CPU
	EndGlobalSection
	GlobalSection(SolutionProperties) = preSolution
		HideSolutionNode = FALSE
	EndGlobalSection
	GlobalSection(ExtensibilityGlobals) = postSolution
		SolutionGuid = {9B86D748-EAD8-438D-9BDD-6A4386BFA8AC}
	EndGlobalSection
EndGlobal
